
Microsoft Visual Studio Solution File, Format Version 12.00
# Visual Studio 14
VisualStudioVersion = 14.0.25123.0
MinimumVisualStudioVersion = 10.0.40219.1
Project("{FAE04EC0-301F-11D3-BF4B-00C04F79EFBC}") = "OnlineMarket.DataAccessLayer", "OnlineMarket.DataAccessLayer\OnlineMarket.DataAccessLayer.csproj", "{4056EC74-150E-4CA4-AED0-82B72B77B388}"
EndProject
Project("{FAE04EC0-301F-11D3-BF4B-00C04F79EFBC}") = "OnlineMarket.BusinessLogicLayer", "OnlineMarket.BusinessLogicLayer\OnlineMarket.BusinessLogicLayer.csproj", "{A4FA720C-D4A9-4FDE-8A53-66379735C87C}"
EndProject
Project("{FAE04EC0-301F-11D3-BF4B-00C04F79EFBC}") = "OnlineMarket", "OnlineMarket\OnlineMarket.csproj", "{0AE2C6FF-2721-4AC1-AF4E-44975FBD6F13}"
EndProject
Project("{FAE04EC0-301F-11D3-BF4B-00C04F79EFBC}") = "OnlineMarket.Utilities", "OnlineMarket.Utilities\OnlineMarket.Utilities.csproj", "{D894B8B6-01C4-4B88-BE90-98D66BE044AF}"
EndProject
Global
	GlobalSection(SolutionConfigurationPlatforms) = preSolution
		Debug|Any CPU = Debug|Any CPU
		Release|Any CPU = Release|Any CPU
	EndGlobalSection
	GlobalSection(ProjectConfigurationPlatforms) = postSolution
		{4056EC74-150E-4CA4-AED0-82B72B77B388}.Debug|Any CPU.ActiveCfg = Debug|Any CPU
		{4056EC74-150E-4CA4-AED0-82B72B77B388}.Debug|Any CPU.Build.0 = Debug|Any CPU
		{4056EC74-150E-4CA4-AED0-82B72B77B388}.Release|Any CPU.ActiveCfg = Release|Any CPU
		{4056EC74-150E-4CA4-AED0-82B72B77B388}.Release|Any CPU.Build.0 = Release|Any CPU
		{A4FA720C-D4A9-4FDE-8A53-66379735C87C}.Debug|Any CPU.ActiveCfg = Debug|Any CPU
		{A4FA720C-D4A9-4FDE-8A53-66379735C87C}.Debug|Any CPU.Build.0 = Debug|Any CPU
		{A4FA720C-D4A9-4FDE-8A53-66379735C87C}.Release|Any CPU.ActiveCfg = Release|Any CPU
		{A4FA720C-D4A9-4FDE-8A53-66379735C87C}.Release|Any CPU.Build.0 = Release|Any CPU
		{0AE2C6FF-2721-4AC1-AF4E-44975FBD6F13}.Debug|Any CPU.ActiveCfg = Debug|Any CPU
		{0AE2C6FF-2721-4AC1-AF4E-44975FBD6F13}.Debug|Any CPU.Build.0 = Debug|Any CPU
		{0AE2C6FF-2721-4AC1-AF4E-44975FBD6F13}.Release|Any CPU.ActiveCfg = Release|Any CPU
		{0AE2C6FF-2721-4AC1-AF4E-44975FBD6F13}.Release|Any CPU.Build.0 = Release|Any CPU
		{D894B8B6-01C4-4B88-BE90-98D66BE044AF}.Debug|Any CPU.ActiveCfg = Debug|Any CPU
		{D894B8B6-01C4-4B88-BE90-98D66BE044AF}.Debug|Any CPU.Build.0 = Debug|Any CPU
		{D894B8B6-01C4-4B88-BE90-98D66BE044AF}.Release|Any CPU.ActiveCfg = Release|Any CPU
		{D894B8B6-01C4-4B88-BE90-98D66BE044AF}.Release|Any CPU.Build.0 = Release|Any CPU
	EndGlobalSection
	GlobalSection(SolutionProperties) = preSolution
		HideSolutionNode = FALSE
	EndGlobalSection
EndGlobal
